
Microsoft Visual Studio Solution File, Format Version 11.00
# Visual Studio 2010
Project("{FAE04EC0-301F-11D3-BF4B-00C04F79EFBC}") = "UnityEngine.TestRunner", "UnityEngine.TestRunner.csproj", "{e740a6f7-6add-cc0a-448f-5baea876fc7b}"
EndProject
Project("{FAE04EC0-301F-11D3-BF4B-00C04F79EFBC}") = "Unity.Mathematics", "Unity.Mathematics.csproj", "{00f0ebe0-15ae-2bc7-0b0b-587e8a4391da}"
EndProject
Project("{FAE04EC0-301F-11D3-BF4B-00C04F79EFBC}") = "Unity.2D.Animation.Triangle.Runtime", "Unity.2D.Animation.Triangle.Runtime.csproj", "{0a6fc30d-b359-96c6-2acf-11b7104771dc}"
EndProject
Project("{FAE04EC0-301F-11D3-BF4B-00C04F79EFBC}") = "Unity.Timeline", "Unity.Timeline.csproj", "{38c37507-8c77-858d-1466-9f52896e5383}"
EndProject
Project("{FAE04EC0-301F-11D3-BF4B-00C04F79EFBC}") = "UnityEngine.UI", "UnityEngine.UI.csproj", "{4043dac9-1b17-48d1-218e-2019dd8d7f2d}"
EndProject
Project("{FAE04EC0-301F-11D3-BF4B-00C04F79EFBC}") = "Unity.TextMeshPro", "Unity.TextMeshPro.csproj", "{1fc14096-6b51-dd1d-80e5-ca025eaca45d}"
EndProject
Project("{FAE04EC0-301F-11D3-BF4B-00C04F79EFBC}") = "Unity.2D.Animation.Runtime", "Unity.2D.Animation.Runtime.csproj", "{f4c7f25f-d1ec-6996-ca8b-00fa4c3c41e7}"
EndProject
Project("{FAE04EC0-301F-11D3-BF4B-00C04F79EFBC}") = "Unity.2D.Tilemap.Extras", "Unity.2D.Tilemap.Extras.csproj", "{61a521f6-6b28-37fd-9ff8-c708b8e0d06d}"
EndProject
Project("{FAE04EC0-301F-11D3-BF4B-00C04F79EFBC}") = "Unity.2D.IK.Runtime", "Unity.2D.IK.Runtime.csproj", "{957621ca-85b6-c82a-8bae-4e9c94e8b7ea}"
EndProject
Project("{FAE04EC0-301F-11D3-BF4B-00C04F79EFBC}") = "Unity.2D.SpriteShape.Runtime", "Unity.2D.SpriteShape.Runtime.csproj", "{c053ca57-8a4b-d16b-c37c-c0d82847a429}"
EndProject
Project("{FAE04EC0-301F-11D3-BF4B-00C04F79EFBC}") = "Unity.2D.PixelPerfect", "Unity.2D.PixelPerfect.csproj", "{c381dccf-bbca-fc9b-67e2-82a4dfec4807}"
EndProject
Project("{FAE04EC0-301F-11D3-BF4B-00C04F79EFBC}") = "Assembly-CSharp", "Assembly-CSharp.csproj", "{456745e1-92ed-b64e-8905-e64dc1e47277}"
EndProject
Project("{FAE04EC0-301F-11D3-BF4B-00C04F79EFBC}") = "Unity.2D.Common.Runtime", "Unity.2D.Common.Runtime.csproj", "{fc42b523-a906-c25c-a227-0c2c8192d9a8}"
EndProject
Project("{FAE04EC0-301F-11D3-BF4B-00C04F79EFBC}") = "Unity.InternalAPIEngineBridge.001", "Unity.InternalAPIEngineBridge.001.csproj", "{5a267c26-acb7-1cb2-3196-6ea95c6f7ec7}"
EndProject
Project("{FAE04EC0-301F-11D3-BF4B-00C04F79EFBC}") = "UnityEditor.TestRunner", "UnityEditor.TestRunner.csproj", "{ed5fe952-c7ea-8ca3-9b1d-804571137706}"
EndProject
Project("{FAE04EC0-301F-11D3-BF4B-00C04F79EFBC}") = "Unity.PlasticSCM.Editor", "Unity.PlasticSCM.Editor.csproj", "{94a70e74-56e1-1bce-2871-32a84e5900ee}"
EndProject
Project("{FAE04EC0-301F-11D3-BF4B-00C04F79EFBC}") = "UnityEditor.UI", "UnityEditor.UI.csproj", "{37ef9845-4e02-8b69-e8d7-8066c1e0653c}"
EndProject
Project("{FAE04EC0-301F-11D3-BF4B-00C04F79EFBC}") = "Unity.Services.Core.Editor", "Unity.Services.Core.Editor.csproj", "{2989155a-bb6e-b92a-c808-b19d48c3e239}"
EndProject
Project("{FAE04EC0-301F-11D3-BF4B-00C04F79EFBC}") = "Unity.Timeline.Editor", "Unity.Timeline.Editor.csproj", "{c4535e00-aa21-1d1a-e063-9bff39aaae1c}"
EndProject
Project("{FAE04EC0-301F-11D3-BF4B-00C04F79EFBC}") = "Unity.VisualStudio.Editor", "Unity.VisualStudio.Editor.csproj", "{fa18650e-2c7e-645f-31ff-795c12511c33}"
EndProject
Project("{FAE04EC0-301F-11D3-BF4B-00C04F79EFBC}") = "Unity.2D.Psdimporter.Editor", "Unity.2D.Psdimporter.Editor.csproj", "{638e9c8a-82a6-82c8-6611-dbe6a7949f83}"
EndProject
Project("{FAE04EC0-301F-11D3-BF4B-00C04F79EFBC}") = "Unity.2D.Animation.Editor", "Unity.2D.Animation.Editor.csproj", "{4b192604-6416-d177-29eb-ae17cce6c4bc}"
EndProject
Project("{FAE04EC0-301F-11D3-BF4B-00C04F79EFBC}") = "Unity.TextMeshPro.Editor", "Unity.TextMeshPro.Editor.csproj", "{0c685c45-4f17-8918-a0a4-bf6b73083ef7}"
EndProject
Project("{FAE04EC0-301F-11D3-BF4B-00C04F79EFBC}") = "Unity.2D.SpriteShape.Editor", "Unity.2D.SpriteShape.Editor.csproj", "{d65e5394-e761-cf76-2b97-7cb3c2bd47ba}"
EndProject
Project("{FAE04EC0-301F-11D3-BF4B-00C04F79EFBC}") = "Unity.CollabProxy.Editor", "Unity.CollabProxy.Editor.csproj", "{22e3d42e-3c66-cb7a-3c37-1a5447e3dce8}"
EndProject
Project("{FAE04EC0-301F-11D3-BF4B-00C04F79EFBC}") = "PsdPlugin", "PsdPlugin.csproj", "{0463d217-af8a-a274-c3ce-0faf2acbb451}"
EndProject
Project("{FAE04EC0-301F-11D3-BF4B-00C04F79EFBC}") = "Unity.2D.Path.Editor", "Unity.2D.Path.Editor.csproj", "{a36db7a2-1ad6-a9db-abf7-65267e82e9f5}"
EndProject
Project("{FAE04EC0-301F-11D3-BF4B-00C04F79EFBC}") = "Unity.Rider.Editor", "Unity.Rider.Editor.csproj", "{0330294e-38a9-6ef5-c5fb-005a885c64c0}"
EndProject
Project("{FAE04EC0-301F-11D3-BF4B-00C04F79EFBC}") = "Unity.2D.IK.Editor", "Unity.2D.IK.Editor.csproj", "{d83efe8f-05fc-822e-720e-b274ed03c6de}"
EndProject
Project("{FAE04EC0-301F-11D3-BF4B-00C04F79EFBC}") = "Unity.2D.Sprite.Editor", "Unity.2D.Sprite.Editor.csproj", "{5af1d033-4535-fb7b-9224-3a000880e6df}"
EndProject
Project("{FAE04EC0-301F-11D3-BF4B-00C04F79EFBC}") = "Unity.2D.Tilemap.Editor", "Unity.2D.Tilemap.Editor.csproj", "{6093be14-baae-1492-c229-a381d0cddf96}"
EndProject
Project("{FAE04EC0-301F-11D3-BF4B-00C04F79EFBC}") = "Unity.2D.Tilemap.Extras.Editor", "Unity.2D.Tilemap.Extras.Editor.csproj", "{846863ae-eb96-1146-1b64-49b496791fb6}"
EndProject
Project("{FAE04EC0-301F-11D3-BF4B-00C04F79EFBC}") = "Unity.2D.PixelPerfect.Editor", "Unity.2D.PixelPerfect.Editor.csproj", "{96f21ce3-852a-5d1d-4fc5-91a09f9b33f0}"
EndProject
Project("{FAE04EC0-301F-11D3-BF4B-00C04F79EFBC}") = "Unity.VSCode.Editor", "Unity.VSCode.Editor.csproj", "{9b78a72f-b4bc-a411-9962-46e04a62f1a0}"
EndProject
Project("{FAE04EC0-301F-11D3-BF4B-00C04F79EFBC}") = "Unity.2D.Common.Editor", "Unity.2D.Common.Editor.csproj", "{2e40500d-dfd2-1954-22c1-d33ba1244c34}"
EndProject
Project("{FAE04EC0-301F-11D3-BF4B-00C04F79EFBC}") = "Unity.Mathematics.Editor", "Unity.Mathematics.Editor.csproj", "{95d1ca15-081f-8838-911e-d16dc02f1240}"
EndProject
Project("{FAE04EC0-301F-11D3-BF4B-00C04F79EFBC}") = "Unity.InternalAPIEditorBridge.001", "Unity.InternalAPIEditorBridge.001.csproj", "{2ad3cb50-17ff-0dc1-b3e8-5f0bb84bda86}"
EndProject
Project("{FAE04EC0-301F-11D3-BF4B-00C04F79EFBC}") = "Unity.Play.Publisher.Editor", "Unity.Play.Publisher.Editor.csproj", "{42ef099c-3789-5d1b-b5ae-e3dbcb9458a2}"
EndProject
Project("{FAE04EC0-301F-11D3-BF4B-00C04F79EFBC}") = "Unity.Settings.Editor", "Unity.Settings.Editor.csproj", "{f44a7580-7cfd-2202-4159-80a6707f36d7}"
EndProject
Project("{FAE04EC0-301F-11D3-BF4B-00C04F79EFBC}") = "Unity.InternalAPIEditorBridgeDev.001", "Unity.InternalAPIEditorBridgeDev.001.csproj", "{1edddbb5-9183-a198-0522-0985935387e8}"
EndProject
Project("{FAE04EC0-301F-11D3-BF4B-00C04F79EFBC}") = "Unity.EditorCoroutines.Editor", "Unity.EditorCoroutines.Editor.csproj", "{adc98b0a-d644-4230-0f58-1f14b074894e}"
EndProject
Global
	GlobalSection(SolutionConfigurationPlatforms) = preSolution
		Debug|Any CPU = Debug|Any CPU
	EndGlobalSection
	GlobalSection(ProjectConfigurationPlatforms) = postSolution
		{e740a6f7-6add-cc0a-448f-5baea876fc7b}.Debug|Any CPU.ActiveCfg = Debug|Any CPU
		{e740a6f7-6add-cc0a-448f-5baea876fc7b}.Debug|Any CPU.Build.0 = Debug|Any CPU
		{00f0ebe0-15ae-2bc7-0b0b-587e8a4391da}.Debug|Any CPU.ActiveCfg = Debug|Any CPU
		{00f0ebe0-15ae-2bc7-0b0b-587e8a4391da}.Debug|Any CPU.Build.0 = Debug|Any CPU
		{0a6fc30d-b359-96c6-2acf-11b7104771dc}.Debug|Any CPU.ActiveCfg = Debug|Any CPU
		{0a6fc30d-b359-96c6-2acf-11b7104771dc}.Debug|Any CPU.Build.0 = Debug|Any CPU
		{38c37507-8c77-858d-1466-9f52896e5383}.Debug|Any CPU.ActiveCfg = Debug|Any CPU
		{38c37507-8c77-858d-1466-9f52896e5383}.Debug|Any CPU.Build.0 = Debug|Any CPU
		{4043dac9-1b17-48d1-218e-2019dd8d7f2d}.Debug|Any CPU.ActiveCfg = Debug|Any CPU
		{4043dac9-1b17-48d1-218e-2019dd8d7f2d}.Debug|Any CPU.Build.0 = Debug|Any CPU
		{1fc14096-6b51-dd1d-80e5-ca025eaca45d}.Debug|Any CPU.ActiveCfg = Debug|Any CPU
		{1fc14096-6b51-dd1d-80e5-ca025eaca45d}.Debug|Any CPU.Build.0 = Debug|Any CPU
		{f4c7f25f-d1ec-6996-ca8b-00fa4c3c41e7}.Debug|Any CPU.ActiveCfg = Debug|Any CPU
		{f4c7f25f-d1ec-6996-ca8b-00fa4c3c41e7}.Debug|Any CPU.Build.0 = Debug|Any CPU
		{61a521f6-6b28-37fd-9ff8-c708b8e0d06d}.Debug|Any CPU.ActiveCfg = Debug|Any CPU
		{61a521f6-6b28-37fd-9ff8-c708b8e0d06d}.Debug|Any CPU.Build.0 = Debug|Any CPU
		{957621ca-85b6-c82a-8bae-4e9c94e8b7ea}.Debug|Any CPU.ActiveCfg = Debug|Any CPU
		{957621ca-85b6-c82a-8bae-4e9c94e8b7ea}.Debug|Any CPU.Build.0 = Debug|Any CPU
		{c053ca57-8a4b-d16b-c37c-c0d82847a429}.Debug|Any CPU.ActiveCfg = Debug|Any CPU
		{c053ca57-8a4b-d16b-c37c-c0d82847a429}.Debug|Any CPU.Build.0 = Debug|Any CPU
		{c381dccf-bbca-fc9b-67e2-82a4dfec4807}.Debug|Any CPU.ActiveCfg = Debug|Any CPU
		{c381dccf-bbca-fc9b-67e2-82a4dfec4807}.Debug|Any CPU.Build.0 = Debug|Any CPU
		{456745e1-92ed-b64e-8905-e64dc1e47277}.Debug|Any CPU.ActiveCfg = Debug|Any CPU
		{456745e1-92ed-b64e-8905-e64dc1e47277}.Debug|Any CPU.Build.0 = Debug|Any CPU
		{fc42b523-a906-c25c-a227-0c2c8192d9a8}.Debug|Any CPU.ActiveCfg = Debug|Any CPU
		{fc42b523-a906-c25c-a227-0c2c8192d9a8}.Debug|Any CPU.Build.0 = Debug|Any CPU
		{5a267c26-acb7-1cb2-3196-6ea95c6f7ec7}.Debug|Any CPU.ActiveCfg = Debug|Any CPU
		{5a267c26-acb7-1cb2-3196-6ea95c6f7ec7}.Debug|Any CPU.Build.0 = Debug|Any CPU
		{ed5fe952-c7ea-8ca3-9b1d-804571137706}.Debug|Any CPU.ActiveCfg = Debug|Any CPU
		{ed5fe952-c7ea-8ca3-9b1d-804571137706}.Debug|Any CPU.Build.0 = Debug|Any CPU
		{94a70e74-56e1-1bce-2871-32a84e5900ee}.Debug|Any CPU.ActiveCfg = Debug|Any CPU
		{94a70e74-56e1-1bce-2871-32a84e5900ee}.Debug|Any CPU.Build.0 = Debug|Any CPU
		{37ef9845-4e02-8b69-e8d7-8066c1e0653c}.Debug|Any CPU.ActiveCfg = Debug|Any CPU
		{37ef9845-4e02-8b69-e8d7-8066c1e0653c}.Debug|Any CPU.Build.0 = Debug|Any CPU
		{2989155a-bb6e-b92a-c808-b19d48c3e239}.Debug|Any CPU.ActiveCfg = Debug|Any CPU
		{2989155a-bb6e-b92a-c808-b19d48c3e239}.Debug|Any CPU.Build.0 = Debug|Any CPU
		{c4535e00-aa21-1d1a-e063-9bff39aaae1c}.Debug|Any CPU.ActiveCfg = Debug|Any CPU
		{c4535e00-aa21-1d1a-e063-9bff39aaae1c}.Debug|Any CPU.Build.0 = Debug|Any CPU
		{fa18650e-2c7e-645f-31ff-795c12511c33}.Debug|Any CPU.ActiveCfg = Debug|Any CPU
		{fa18650e-2c7e-645f-31ff-795c12511c33}.Debug|Any CPU.Build.0 = Debug|Any CPU
		{638e9c8a-82a6-82c8-6611-dbe6a7949f83}.Debug|Any CPU.ActiveCfg = Debug|Any CPU
		{638e9c8a-82a6-82c8-6611-dbe6a7949f83}.Debug|Any CPU.Build.0 = Debug|Any CPU
		{4b192604-6416-d177-29eb-ae17cce6c4bc}.Debug|Any CPU.ActiveCfg = Debug|Any CPU
		{4b192604-6416-d177-29eb-ae17cce6c4bc}.Debug|Any CPU.Build.0 = Debug|Any CPU
		{0c685c45-4f17-8918-a0a4-bf6b73083ef7}.Debug|Any CPU.ActiveCfg = Debug|Any CPU
		{0c685c45-4f17-8918-a0a4-bf6b73083ef7}.Debug|Any CPU.Build.0 = Debug|Any CPU
		{d65e5394-e761-cf76-2b97-7cb3c2bd47ba}.Debug|Any CPU.ActiveCfg = Debug|Any CPU
		{d65e5394-e761-cf76-2b97-7cb3c2bd47ba}.Debug|Any CPU.Build.0 = Debug|Any CPU
		{22e3d42e-3c66-cb7a-3c37-1a5447e3dce8}.Debug|Any CPU.ActiveCfg = Debug|Any CPU
		{22e3d42e-3c66-cb7a-3c37-1a5447e3dce8}.Debug|Any CPU.Build.0 = Debug|Any CPU
		{0463d217-af8a-a274-c3ce-0faf2acbb451}.Debug|Any CPU.ActiveCfg = Debug|Any CPU
		{0463d217-af8a-a274-c3ce-0faf2acbb451}.Debug|Any CPU.Build.0 = Debug|Any CPU
		{a36db7a2-1ad6-a9db-abf7-65267e82e9f5}.Debug|Any CPU.ActiveCfg = Debug|Any CPU
		{a36db7a2-1ad6-a9db-abf7-65267e82e9f5}.Debug|Any CPU.Build.0 = Debug|Any CPU
		{0330294e-38a9-6ef5-c5fb-005a885c64c0}.Debug|Any CPU.ActiveCfg = Debug|Any CPU
		{0330294e-38a9-6ef5-c5fb-005a885c64c0}.Debug|Any CPU.Build.0 = Debug|Any CPU
		{d83efe8f-05fc-822e-720e-b274ed03c6de}.Debug|Any CPU.ActiveCfg = Debug|Any CPU
		{d83efe8f-05fc-822e-720e-b274ed03c6de}.Debug|Any CPU.Build.0 = Debug|Any CPU
		{5af1d033-4535-fb7b-9224-3a000880e6df}.Debug|Any CPU.ActiveCfg = Debug|Any CPU
		{5af1d033-4535-fb7b-9224-3a000880e6df}.Debug|Any CPU.Build.0 = Debug|Any CPU
		{6093be14-baae-1492-c229-a381d0cddf96}.Debug|Any CPU.ActiveCfg = Debug|Any CPU
		{6093be14-baae-1492-c229-a381d0cddf96}.Debug|Any CPU.Build.0 = Debug|Any CPU
		{846863ae-eb96-1146-1b64-49b496791fb6}.Debug|Any CPU.ActiveCfg = Debug|Any CPU
		{846863ae-eb96-1146-1b64-49b496791fb6}.Debug|Any CPU.Build.0 = Debug|Any CPU
		{96f21ce3-852a-5d1d-4fc5-91a09f9b33f0}.Debug|Any CPU.ActiveCfg = Debug|Any CPU
		{96f21ce3-852a-5d1d-4fc5-91a09f9b33f0}.Debug|Any CPU.Build.0 = Debug|Any CPU
		{9b78a72f-b4bc-a411-9962-46e04a62f1a0}.Debug|Any CPU.ActiveCfg = Debug|Any CPU
		{9b78a72f-b4bc-a411-9962-46e04a62f1a0}.Debug|Any CPU.Build.0 = Debug|Any CPU
		{2e40500d-dfd2-1954-22c1-d33ba1244c34}.Debug|Any CPU.ActiveCfg = Debug|Any CPU
		{2e40500d-dfd2-1954-22c1-d33ba1244c34}.Debug|Any CPU.Build.0 = Debug|Any CPU
		{95d1ca15-081f-8838-911e-d16dc02f1240}.Debug|Any CPU.ActiveCfg = Debug|Any CPU
		{95d1ca15-081f-8838-911e-d16dc02f1240}.Debug|Any CPU.Build.0 = Debug|Any CPU
		{2ad3cb50-17ff-0dc1-b3e8-5f0bb84bda86}.Debug|Any CPU.ActiveCfg = Debug|Any CPU
		{2ad3cb50-17ff-0dc1-b3e8-5f0bb84bda86}.Debug|Any CPU.Build.0 = Debug|Any CPU
		{42ef099c-3789-5d1b-b5ae-e3dbcb9458a2}.Debug|Any CPU.ActiveCfg = Debug|Any CPU
		{42ef099c-3789-5d1b-b5ae-e3dbcb9458a2}.Debug|Any CPU.Build.0 = Debug|Any CPU
		{f44a7580-7cfd-2202-4159-80a6707f36d7}.Debug|Any CPU.ActiveCfg = Debug|Any CPU
		{f44a7580-7cfd-2202-4159-80a6707f36d7}.Debug|Any CPU.Build.0 = Debug|Any CPU
		{1edddbb5-9183-a198-0522-0985935387e8}.Debug|Any CPU.ActiveCfg = Debug|Any CPU
		{1edddbb5-9183-a198-0522-0985935387e8}.Debug|Any CPU.Build.0 = Debug|Any CPU
		{adc98b0a-d644-4230-0f58-1f14b074894e}.Debug|Any CPU.ActiveCfg = Debug|Any CPU
		{adc98b0a-d644-4230-0f58-1f14b074894e}.Debug|Any CPU.Build.0 = Debug|Any CPU
	EndGlobalSection
	GlobalSection(SolutionProperties) = preSolution
		HideSolutionNode = FALSE
	EndGlobalSection
EndGlobal
